
Microsoft Visual Studio Solution File, Format Version 12.00
# Visual Studio 15
VisualStudioVersion = 15.0.27428.2027
MinimumVisualStudioVersion = 10.0.40219.1
Project("{8BC9CEB8-8B4A-11D0-8D11-00A0C91BC942}") = "Runnerway", "Runnerway\Runnerway.vcxproj", "{4A660C9F-04CE-47DC-8D49-C97F8B3A1146}"
EndProject
Global
	GlobalSection(SolutionConfigurationPlatforms) = preSolution
		Debug|x64 = Debug|x64
		Debug|x86 = Debug|x86
		Release|x64 = Release|x64
		Release|x86 = Release|x86
	EndGlobalSection
	GlobalSection(ProjectConfigurationPlatforms) = postSolution
		{4A660C9F-04CE-47DC-8D49-C97F8B3A1146}.Debug|x64.ActiveCfg = Debug|x64
		{4A660C9F-04CE-47DC-8D49-C97F8B3A1146}.Debug|x64.Build.0 = Debug|x64
		{4A660C9F-04CE-47DC-8D49-C97F8B3A1146}.Debug|x86.ActiveCfg = Debug|Win32
		{4A660C9F-04CE-47DC-8D49-C97F8B3A1146}.Debug|x86.Build.0 = Debug|Win32
		{4A660C9F-04CE-47DC-8D49-C97F8B3A1146}.Release|x64.ActiveCfg = Release|x64
		{4A660C9F-04CE-47DC-8D49-C97F8B3A1146}.Release|x64.Build.0 = Release|x64
		{4A660C9F-04CE-47DC-8D49-C97F8B3A1146}.Release|x86.ActiveCfg = Release|Win32
		{4A660C9F-04CE-47DC-8D49-C97F8B3A1146}.Release|x86.Build.0 = Release|Win32
	EndGlobalSection
	GlobalSection(SolutionProperties) = preSolution
		HideSolutionNode = FALSE
	EndGlobalSection
	GlobalSection(ExtensibilityGlobals) = postSolution
		SolutionGuid = {8AC7A6A2-FC9A-42D0-9A47-9C2ABC4AC45B}
	EndGlobalSection
EndGlobal
